
Microsoft Visual Studio Solution File, Format Version 12.00
# Visual Studio Version 16
VisualStudioVersion = 16.0.31313.79
MinimumVisualStudioVersion = 10.0.40219.1
Project("{FAE04EC0-301F-11D3-BF4B-00C04F79EFBC}") = "MvcProjeKampi", "MvcProjeKampi\MvcProjeKampi.csproj", "{D03ABA9A-ECA3-4A6C-A7F0-7F147593DA0A}"
EndProject
Project("{FAE04EC0-301F-11D3-BF4B-00C04F79EFBC}") = "BusinessLayer", "ClassLibrary1\BusinessLayer.csproj", "{1EC23930-EB08-4912-BD90-AD700F0EB0FC}"
EndProject
Project("{FAE04EC0-301F-11D3-BF4B-00C04F79EFBC}") = "EntityLayer", "EntityLayer\EntityLayer.csproj", "{9465C316-98E9-4F8C-B592-B453074A07DF}"
EndProject
Project("{FAE04EC0-301F-11D3-BF4B-00C04F79EFBC}") = "DataAccessLayer", "DataAccessLayer\DataAccessLayer.csproj", "{EC120DDF-3F72-469B-832D-565720F44B9A}"
EndProject
Global
	GlobalSection(SolutionConfigurationPlatforms) = preSolution
		Debug|Any CPU = Debug|Any CPU
		Release|Any CPU = Release|Any CPU
	EndGlobalSection
	GlobalSection(ProjectConfigurationPlatforms) = postSolution
		{D03ABA9A-ECA3-4A6C-A7F0-7F147593DA0A}.Debug|Any CPU.ActiveCfg = Debug|Any CPU
		{D03ABA9A-ECA3-4A6C-A7F0-7F147593DA0A}.Debug|Any CPU.Build.0 = Debug|Any CPU
		{D03ABA9A-ECA3-4A6C-A7F0-7F147593DA0A}.Release|Any CPU.ActiveCfg = Release|Any CPU
		{D03ABA9A-ECA3-4A6C-A7F0-7F147593DA0A}.Release|Any CPU.Build.0 = Release|Any CPU
		{1EC23930-EB08-4912-BD90-AD700F0EB0FC}.Debug|Any CPU.ActiveCfg = Debug|Any CPU
		{1EC23930-EB08-4912-BD90-AD700F0EB0FC}.Debug|Any CPU.Build.0 = Debug|Any CPU
		{1EC23930-EB08-4912-BD90-AD700F0EB0FC}.Release|Any CPU.ActiveCfg = Release|Any CPU
		{1EC23930-EB08-4912-BD90-AD700F0EB0FC}.Release|Any CPU.Build.0 = Release|Any CPU
		{9465C316-98E9-4F8C-B592-B453074A07DF}.Debug|Any CPU.ActiveCfg = Debug|Any CPU
		{9465C316-98E9-4F8C-B592-B453074A07DF}.Debug|Any CPU.Build.0 = Debug|Any CPU
		{9465C316-98E9-4F8C-B592-B453074A07DF}.Release|Any CPU.ActiveCfg = Release|Any CPU
		{9465C316-98E9-4F8C-B592-B453074A07DF}.Release|Any CPU.Build.0 = Release|Any CPU
		{EC120DDF-3F72-469B-832D-565720F44B9A}.Debug|Any CPU.ActiveCfg = Debug|Any CPU
		{EC120DDF-3F72-469B-832D-565720F44B9A}.Debug|Any CPU.Build.0 = Debug|Any CPU
		{EC120DDF-3F72-469B-832D-565720F44B9A}.Release|Any CPU.ActiveCfg = Release|Any CPU
		{EC120DDF-3F72-469B-832D-565720F44B9A}.Release|Any CPU.Build.0 = Release|Any CPU
	EndGlobalSection
	GlobalSection(SolutionProperties) = preSolution
		HideSolutionNode = FALSE
	EndGlobalSection
	GlobalSection(ExtensibilityGlobals) = postSolution
		SolutionGuid = {F5736BE2-4F55-4297-8BC2-05689064EC45}
	EndGlobalSection
EndGlobal
